
Microsoft Visual Studio Solution File, Format Version 12.00
# Visual Studio 14
VisualStudioVersion = 14.0.24720.0
MinimumVisualStudioVersion = 10.0.40219.1
Project("{FAE04EC0-301F-11D3-BF4B-00C04F79EFBC}") = "FinalProject", "FinalProject\FinalProject.csproj", "{9E3A2546-B9EF-410C-B9CB-F43AC6B49094}"
EndProject
Project("{FAE04EC0-301F-11D3-BF4B-00C04F79EFBC}") = "WindowsFormsApplication1", "WindowsFormsApplication1\WindowsFormsApplication1.csproj", "{3D9A82F2-85D3-434A-90B6-28EE06ABB20D}"
EndProject
Global
	GlobalSection(SolutionConfigurationPlatforms) = preSolution
		Debug|Any CPU = Debug|Any CPU
		Release|Any CPU = Release|Any CPU
	EndGlobalSection
	GlobalSection(ProjectConfigurationPlatforms) = postSolution
		{9E3A2546-B9EF-410C-B9CB-F43AC6B49094}.Debug|Any CPU.ActiveCfg = Debug|Any CPU
		{9E3A2546-B9EF-410C-B9CB-F43AC6B49094}.Debug|Any CPU.Build.0 = Debug|Any CPU
		{9E3A2546-B9EF-410C-B9CB-F43AC6B49094}.Release|Any CPU.ActiveCfg = Release|Any CPU
		{9E3A2546-B9EF-410C-B9CB-F43AC6B49094}.Release|Any CPU.Build.0 = Release|Any CPU
		{3D9A82F2-85D3-434A-90B6-28EE06ABB20D}.Debug|Any CPU.ActiveCfg = Debug|Any CPU
		{3D9A82F2-85D3-434A-90B6-28EE06ABB20D}.Debug|Any CPU.Build.0 = Debug|Any CPU
		{3D9A82F2-85D3-434A-90B6-28EE06ABB20D}.Release|Any CPU.ActiveCfg = Release|Any CPU
		{3D9A82F2-85D3-434A-90B6-28EE06ABB20D}.Release|Any CPU.Build.0 = Release|Any CPU
	EndGlobalSection
	GlobalSection(SolutionProperties) = preSolution
		HideSolutionNode = FALSE
	EndGlobalSection
EndGlobal
